
Microsoft Visual Studio Solution File, Format Version 12.00
# Visual Studio Version 16
VisualStudioVersion = 16.0.29001.49
MinimumVisualStudioVersion = 10.0.40219.1
Project("{9A19103F-16F7-4668-BE54-9A1E7A4F7556}") = "FantacalcioWebAPI", "FantacalcioWebAPI\FantacalcioWebAPI.csproj", "{C65E0076-CE9B-4DEA-B9A9-B2CD949ED107}"
EndProject
Project("{9A19103F-16F7-4668-BE54-9A1E7A4F7556}") = "Models", "Models\Models.csproj", "{46B74DAD-68CB-4AB6-B936-D7919386744A}"
EndProject
Project("{9A19103F-16F7-4668-BE54-9A1E7A4F7556}") = "DBControllers", "Controllers\DBControllers.csproj", "{64897A6F-31FD-4F64-B516-C28B326204DB}"
EndProject
Project("{9A19103F-16F7-4668-BE54-9A1E7A4F7556}") = "DataMock", "DataMock\DataMock.csproj", "{4A6F913C-A7B1-4052-ACF7-F62B9A8A2D4D}"
EndProject
Project("{9A19103F-16F7-4668-BE54-9A1E7A4F7556}") = "MSUnitTestCore", "MSUnitTestCore\MSUnitTestCore.csproj", "{DBC4D29E-22D3-4823-9AE7-2C7E71846774}"
EndProject
Project("{FAE04EC0-301F-11D3-BF4B-00C04F79EFBC}") = "UnitTestFramework", "UnitTestFramework\UnitTestFramework.csproj", "{D032EE3E-74E3-4EEB-8B70-97B27A820A5D}"
EndProject
Project("{9A19103F-16F7-4668-BE54-9A1E7A4F7556}") = "CustomExceptions", "CustomExceptions\CustomExceptions.csproj", "{F1EF74F8-C95F-4B34-9BAF-3E116CF5756F}"
EndProject
Project("{FAE04EC0-301F-11D3-BF4B-00C04F79EFBC}") = "BLController", "BLController\BLController.csproj", "{69A4ECFD-161E-41E8-95CB-90D0DDB1D4BF}"
EndProject
Project("{FAE04EC0-301F-11D3-BF4B-00C04F79EFBC}") = "JwtTokenMiddleware", "MembershipMiddleware\JwtTokenMiddleware.csproj", "{47E93334-C20E-4A9B-A6D6-078225C62D63}"
EndProject
Project("{FAE04EC0-301F-11D3-BF4B-00C04F79EFBC}") = "Membership", "Membership\Membership.csproj", "{1728A96C-C8B3-4D70-AAC1-84FB2F92639C}"
EndProject
Global
	GlobalSection(SolutionConfigurationPlatforms) = preSolution
		Debug|Any CPU = Debug|Any CPU
		Release|Any CPU = Release|Any CPU
	EndGlobalSection
	GlobalSection(ProjectConfigurationPlatforms) = postSolution
		{C65E0076-CE9B-4DEA-B9A9-B2CD949ED107}.Debug|Any CPU.ActiveCfg = Debug|Any CPU
		{C65E0076-CE9B-4DEA-B9A9-B2CD949ED107}.Debug|Any CPU.Build.0 = Debug|Any CPU
		{C65E0076-CE9B-4DEA-B9A9-B2CD949ED107}.Release|Any CPU.ActiveCfg = Release|Any CPU
		{C65E0076-CE9B-4DEA-B9A9-B2CD949ED107}.Release|Any CPU.Build.0 = Release|Any CPU
		{46B74DAD-68CB-4AB6-B936-D7919386744A}.Debug|Any CPU.ActiveCfg = Debug|Any CPU
		{46B74DAD-68CB-4AB6-B936-D7919386744A}.Debug|Any CPU.Build.0 = Debug|Any CPU
		{46B74DAD-68CB-4AB6-B936-D7919386744A}.Release|Any CPU.ActiveCfg = Release|Any CPU
		{46B74DAD-68CB-4AB6-B936-D7919386744A}.Release|Any CPU.Build.0 = Release|Any CPU
		{64897A6F-31FD-4F64-B516-C28B326204DB}.Debug|Any CPU.ActiveCfg = Debug|Any CPU
		{64897A6F-31FD-4F64-B516-C28B326204DB}.Debug|Any CPU.Build.0 = Debug|Any CPU
		{64897A6F-31FD-4F64-B516-C28B326204DB}.Release|Any CPU.ActiveCfg = Release|Any CPU
		{64897A6F-31FD-4F64-B516-C28B326204DB}.Release|Any CPU.Build.0 = Release|Any CPU
		{4A6F913C-A7B1-4052-ACF7-F62B9A8A2D4D}.Debug|Any CPU.ActiveCfg = Debug|Any CPU
		{4A6F913C-A7B1-4052-ACF7-F62B9A8A2D4D}.Debug|Any CPU.Build.0 = Debug|Any CPU
		{4A6F913C-A7B1-4052-ACF7-F62B9A8A2D4D}.Release|Any CPU.ActiveCfg = Release|Any CPU
		{4A6F913C-A7B1-4052-ACF7-F62B9A8A2D4D}.Release|Any CPU.Build.0 = Release|Any CPU
		{DBC4D29E-22D3-4823-9AE7-2C7E71846774}.Debug|Any CPU.ActiveCfg = Debug|Any CPU
		{DBC4D29E-22D3-4823-9AE7-2C7E71846774}.Debug|Any CPU.Build.0 = Debug|Any CPU
		{DBC4D29E-22D3-4823-9AE7-2C7E71846774}.Release|Any CPU.ActiveCfg = Release|Any CPU
		{DBC4D29E-22D3-4823-9AE7-2C7E71846774}.Release|Any CPU.Build.0 = Release|Any CPU
		{D032EE3E-74E3-4EEB-8B70-97B27A820A5D}.Debug|Any CPU.ActiveCfg = Debug|Any CPU
		{D032EE3E-74E3-4EEB-8B70-97B27A820A5D}.Debug|Any CPU.Build.0 = Debug|Any CPU
		{D032EE3E-74E3-4EEB-8B70-97B27A820A5D}.Release|Any CPU.ActiveCfg = Release|Any CPU
		{D032EE3E-74E3-4EEB-8B70-97B27A820A5D}.Release|Any CPU.Build.0 = Release|Any CPU
		{F1EF74F8-C95F-4B34-9BAF-3E116CF5756F}.Debug|Any CPU.ActiveCfg = Debug|Any CPU
		{F1EF74F8-C95F-4B34-9BAF-3E116CF5756F}.Debug|Any CPU.Build.0 = Debug|Any CPU
		{F1EF74F8-C95F-4B34-9BAF-3E116CF5756F}.Release|Any CPU.ActiveCfg = Release|Any CPU
		{F1EF74F8-C95F-4B34-9BAF-3E116CF5756F}.Release|Any CPU.Build.0 = Release|Any CPU
		{69A4ECFD-161E-41E8-95CB-90D0DDB1D4BF}.Debug|Any CPU.ActiveCfg = Debug|Any CPU
		{69A4ECFD-161E-41E8-95CB-90D0DDB1D4BF}.Debug|Any CPU.Build.0 = Debug|Any CPU
		{69A4ECFD-161E-41E8-95CB-90D0DDB1D4BF}.Release|Any CPU.ActiveCfg = Release|Any CPU
		{69A4ECFD-161E-41E8-95CB-90D0DDB1D4BF}.Release|Any CPU.Build.0 = Release|Any CPU
		{47E93334-C20E-4A9B-A6D6-078225C62D63}.Debug|Any CPU.ActiveCfg = Debug|Any CPU
		{47E93334-C20E-4A9B-A6D6-078225C62D63}.Debug|Any CPU.Build.0 = Debug|Any CPU
		{47E93334-C20E-4A9B-A6D6-078225C62D63}.Release|Any CPU.ActiveCfg = Release|Any CPU
		{47E93334-C20E-4A9B-A6D6-078225C62D63}.Release|Any CPU.Build.0 = Release|Any CPU
		{1728A96C-C8B3-4D70-AAC1-84FB2F92639C}.Debug|Any CPU.ActiveCfg = Debug|Any CPU
		{1728A96C-C8B3-4D70-AAC1-84FB2F92639C}.Debug|Any CPU.Build.0 = Debug|Any CPU
		{1728A96C-C8B3-4D70-AAC1-84FB2F92639C}.Release|Any CPU.ActiveCfg = Release|Any CPU
		{1728A96C-C8B3-4D70-AAC1-84FB2F92639C}.Release|Any CPU.Build.0 = Release|Any CPU
	EndGlobalSection
	GlobalSection(SolutionProperties) = preSolution
		HideSolutionNode = FALSE
	EndGlobalSection
	GlobalSection(ExtensibilityGlobals) = postSolution
		SolutionGuid = {12603480-9E9E-4250-BD44-E61212C865FE}
	EndGlobalSection
EndGlobal
